
Microsoft Visual Studio Solution File, Format Version 12.00
# Visual Studio Version 17
VisualStudioVersion = 17.0.31903.59
MinimumVisualStudioVersion = 10.0.40219.1
Project("{2150E333-8FDC-42A3-9474-1A3956D46DE8}") = "magnapp-backend", "magnapp-backend", "{827E0CD3-B72D-47B6-A68D-7590B98EB39B}"
EndProject
Project("{FAE04EC0-301F-11D3-BF4B-00C04F79EFBC}") = "MagnaPP.Api", "magnapp-backend\MagnaPP.Api\MagnaPP.Api.csproj", "{C4ACCFDE-35D5-457B-B7DB-E8697F80744E}"
EndProject
Project("{FAE04EC0-301F-11D3-BF4B-00C04F79EFBC}") = "MagnaPP.Domain", "magnapp-backend\MagnaPP.Domain\MagnaPP.Domain.csproj", "{9B929B7B-44F0-4702-B024-D9130E26165E}"
EndProject
Project("{FAE04EC0-301F-11D3-BF4B-00C04F79EFBC}") = "MagnaPP.Infrastructure", "magnapp-backend\MagnaPP.Infrastructure\MagnaPP.Infrastructure.csproj", "{6AEA1DCB-CE42-40E8-B122-6823610849AD}"
EndProject
Global
	GlobalSection(SolutionConfigurationPlatforms) = preSolution
		Debug|Any CPU = Debug|Any CPU
		Debug|x64 = Debug|x64
		Debug|x86 = Debug|x86
		Release|Any CPU = Release|Any CPU
		Release|x64 = Release|x64
		Release|x86 = Release|x86
	EndGlobalSection
	GlobalSection(ProjectConfigurationPlatforms) = postSolution
		{C4ACCFDE-35D5-457B-B7DB-E8697F80744E}.Debug|Any CPU.ActiveCfg = Debug|Any CPU
		{C4ACCFDE-35D5-457B-B7DB-E8697F80744E}.Debug|Any CPU.Build.0 = Debug|Any CPU
		{C4ACCFDE-35D5-457B-B7DB-E8697F80744E}.Debug|x64.ActiveCfg = Debug|Any CPU
		{C4ACCFDE-35D5-457B-B7DB-E8697F80744E}.Debug|x64.Build.0 = Debug|Any CPU
		{C4ACCFDE-35D5-457B-B7DB-E8697F80744E}.Debug|x86.ActiveCfg = Debug|Any CPU
		{C4ACCFDE-35D5-457B-B7DB-E8697F80744E}.Debug|x86.Build.0 = Debug|Any CPU
		{C4ACCFDE-35D5-457B-B7DB-E8697F80744E}.Release|Any CPU.ActiveCfg = Release|Any CPU
		{C4ACCFDE-35D5-457B-B7DB-E8697F80744E}.Release|Any CPU.Build.0 = Release|Any CPU
		{C4ACCFDE-35D5-457B-B7DB-E8697F80744E}.Release|x64.ActiveCfg = Release|Any CPU
		{C4ACCFDE-35D5-457B-B7DB-E8697F80744E}.Release|x64.Build.0 = Release|Any CPU
		{C4ACCFDE-35D5-457B-B7DB-E8697F80744E}.Release|x86.ActiveCfg = Release|Any CPU
		{C4ACCFDE-35D5-457B-B7DB-E8697F80744E}.Release|x86.Build.0 = Release|Any CPU
		{9B929B7B-44F0-4702-B024-D9130E26165E}.Debug|Any CPU.ActiveCfg = Debug|Any CPU
		{9B929B7B-44F0-4702-B024-D9130E26165E}.Debug|Any CPU.Build.0 = Debug|Any CPU
		{9B929B7B-44F0-4702-B024-D9130E26165E}.Debug|x64.ActiveCfg = Debug|Any CPU
		{9B929B7B-44F0-4702-B024-D9130E26165E}.Debug|x64.Build.0 = Debug|Any CPU
		{9B929B7B-44F0-4702-B024-D9130E26165E}.Debug|x86.ActiveCfg = Debug|Any CPU
		{9B929B7B-44F0-4702-B024-D9130E26165E}.Debug|x86.Build.0 = Debug|Any CPU
		{9B929B7B-44F0-4702-B024-D9130E26165E}.Release|Any CPU.ActiveCfg = Release|Any CPU
		{9B929B7B-44F0-4702-B024-D9130E26165E}.Release|Any CPU.Build.0 = Release|Any CPU
		{9B929B7B-44F0-4702-B024-D9130E26165E}.Release|x64.ActiveCfg = Release|Any CPU
		{9B929B7B-44F0-4702-B024-D9130E26165E}.Release|x64.Build.0 = Release|Any CPU
		{9B929B7B-44F0-4702-B024-D9130E26165E}.Release|x86.ActiveCfg = Release|Any CPU
		{9B929B7B-44F0-4702-B024-D9130E26165E}.Release|x86.Build.0 = Release|Any CPU
		{6AEA1DCB-CE42-40E8-B122-6823610849AD}.Debug|Any CPU.ActiveCfg = Debug|Any CPU
		{6AEA1DCB-CE42-40E8-B122-6823610849AD}.Debug|Any CPU.Build.0 = Debug|Any CPU
		{6AEA1DCB-CE42-40E8-B122-6823610849AD}.Debug|x64.ActiveCfg = Debug|Any CPU
		{6AEA1DCB-CE42-40E8-B122-6823610849AD}.Debug|x64.Build.0 = Debug|Any CPU
		{6AEA1DCB-CE42-40E8-B122-6823610849AD}.Debug|x86.ActiveCfg = Debug|Any CPU
		{6AEA1DCB-CE42-40E8-B122-6823610849AD}.Debug|x86.Build.0 = Debug|Any CPU
		{6AEA1DCB-CE42-40E8-B122-6823610849AD}.Release|Any CPU.ActiveCfg = Release|Any CPU
		{6AEA1DCB-CE42-40E8-B122-6823610849AD}.Release|Any CPU.Build.0 = Release|Any CPU
		{6AEA1DCB-CE42-40E8-B122-6823610849AD}.Release|x64.ActiveCfg = Release|Any CPU
		{6AEA1DCB-CE42-40E8-B122-6823610849AD}.Release|x64.Build.0 = Release|Any CPU
		{6AEA1DCB-CE42-40E8-B122-6823610849AD}.Release|x86.ActiveCfg = Release|Any CPU
		{6AEA1DCB-CE42-40E8-B122-6823610849AD}.Release|x86.Build.0 = Release|Any CPU
	EndGlobalSection
	GlobalSection(SolutionProperties) = preSolution
		HideSolutionNode = FALSE
	EndGlobalSection
	GlobalSection(NestedProjects) = preSolution
		{C4ACCFDE-35D5-457B-B7DB-E8697F80744E} = {827E0CD3-B72D-47B6-A68D-7590B98EB39B}
		{9B929B7B-44F0-4702-B024-D9130E26165E} = {827E0CD3-B72D-47B6-A68D-7590B98EB39B}
		{6AEA1DCB-CE42-40E8-B122-6823610849AD} = {827E0CD3-B72D-47B6-A68D-7590B98EB39B}
	EndGlobalSection
EndGlobal
